
Microsoft Visual Studio Solution File, Format Version 12.00
Project("{FAE04EC0-301F-11D3-BF4B-00C04F79EFBC}") = "DiffBackup", "DiffBackup\DiffBackup.csproj", "{4D7FEECB-2252-41BB-921D-D431EB8A4506}"
EndProject
Project("{FAE04EC0-301F-11D3-BF4B-00C04F79EFBC}") = "DiffBackupTests", "DiffBackupTests\DiffBackupTests.csproj", "{D1C07CF9-25AA-4334-AC21-DF7B8FF239D9}"
EndProject
Global
	GlobalSection(SolutionConfigurationPlatforms) = preSolution
		Debug|Any CPU = Debug|Any CPU
		Release|Any CPU = Release|Any CPU
	EndGlobalSection
	GlobalSection(ProjectConfigurationPlatforms) = postSolution
		{4D7FEECB-2252-41BB-921D-D431EB8A4506}.Debug|Any CPU.ActiveCfg = Debug|Any CPU
		{4D7FEECB-2252-41BB-921D-D431EB8A4506}.Debug|Any CPU.Build.0 = Debug|Any CPU
		{4D7FEECB-2252-41BB-921D-D431EB8A4506}.Release|Any CPU.ActiveCfg = Release|Any CPU
		{4D7FEECB-2252-41BB-921D-D431EB8A4506}.Release|Any CPU.Build.0 = Release|Any CPU
		{D1C07CF9-25AA-4334-AC21-DF7B8FF239D9}.Debug|Any CPU.ActiveCfg = Debug|Any CPU
		{D1C07CF9-25AA-4334-AC21-DF7B8FF239D9}.Debug|Any CPU.Build.0 = Debug|Any CPU
		{D1C07CF9-25AA-4334-AC21-DF7B8FF239D9}.Release|Any CPU.ActiveCfg = Release|Any CPU
		{D1C07CF9-25AA-4334-AC21-DF7B8FF239D9}.Release|Any CPU.Build.0 = Release|Any CPU
	EndGlobalSection
EndGlobal
